// !$*UTF8*$!
{
	archiveVersion = 1;
	classes = {
	};
	objectVersion = 56;
	objects = {

/* Begin PBXBuildFile section */
		08D6C5558FD6A34C6D00C9F9 /* Pods_NimbleSurvey.framework in Frameworks */ = {isa = PBXBuildFile; fileRef = 2914BB2C86E469597C9D2CF0 /* Pods_NimbleSurvey.framework */; };
		2E1B109D8780D4CCDBAFE748 /* Pods_NimbleSurveyTests.framework in Frameworks */ = {isa = PBXBuildFile; fileRef = 70BC5786DFC815D62896A808 /* Pods_NimbleSurveyTests.framework */; };
		6576E2AB2BEE049700FB1E44 /* LoginViewModel.swift in Sources */ = {isa = PBXBuildFile; fileRef = 6576E2AA2BEE049700FB1E44 /* LoginViewModel.swift */; };
		6576E2B22BEE055E00FB1E44 /* RealmManager.swift in Sources */ = {isa = PBXBuildFile; fileRef = 6576E2B02BEE055E00FB1E44 /* RealmManager.swift */; };
		6576E2BA2BEE057000FB1E44 /* APIProvider.swift in Sources */ = {isa = PBXBuildFile; fileRef = 6576E2B52BEE056F00FB1E44 /* APIProvider.swift */; };
		6576E2BB2BEE057000FB1E44 /* NetworkService.swift in Sources */ = {isa = PBXBuildFile; fileRef = 6576E2B62BEE056F00FB1E44 /* NetworkService.swift */; };
		6576E2BC2BEE057000FB1E44 /* Constants.swift in Sources */ = {isa = PBXBuildFile; fileRef = 6576E2B82BEE057000FB1E44 /* Constants.swift */; };
		6576E2BD2BEE057000FB1E44 /* SingleExtension.swift in Sources */ = {isa = PBXBuildFile; fileRef = 6576E2B92BEE057000FB1E44 /* SingleExtension.swift */; };
		6576E2C22BEE06A000FB1E44 /* BaseCodableResponseEntity.swift in Sources */ = {isa = PBXBuildFile; fileRef = 6576E2BE2BEE06A000FB1E44 /* BaseCodableResponseEntity.swift */; };
		6576E2C32BEE06A000FB1E44 /* BaseEncodable.swift in Sources */ = {isa = PBXBuildFile; fileRef = 6576E2BF2BEE06A000FB1E44 /* BaseEncodable.swift */; };
		6576E2C42BEE06A000FB1E44 /* BaseCodableAPIInfoEntity.swift in Sources */ = {isa = PBXBuildFile; fileRef = 6576E2C02BEE06A000FB1E44 /* BaseCodableAPIInfoEntity.swift */; };
		6576E2C52BEE06A000FB1E44 /* BaseCodable.swift in Sources */ = {isa = PBXBuildFile; fileRef = 6576E2C12BEE06A000FB1E44 /* BaseCodable.swift */; };
		6576E2C72BEE09C900FB1E44 /* LoginRequestEntity.swift in Sources */ = {isa = PBXBuildFile; fileRef = 6576E2C62BEE09C900FB1E44 /* LoginRequestEntity.swift */; };
		6576E2C92BEE0A3400FB1E44 /* LoginResponseEntity.swift in Sources */ = {isa = PBXBuildFile; fileRef = 6576E2C82BEE0A3400FB1E44 /* LoginResponseEntity.swift */; };
		6576E2CB2BEE0B5F00FB1E44 /* NetworkAPI.swift in Sources */ = {isa = PBXBuildFile; fileRef = 6576E2CA2BEE0B5F00FB1E44 /* NetworkAPI.swift */; };
		6576E2CD2BEE0C6A00FB1E44 /* ThreadSafeDictionary.swift in Sources */ = {isa = PBXBuildFile; fileRef = 6576E2CC2BEE0C6A00FB1E44 /* ThreadSafeDictionary.swift */; };
		6576E2CF2BEE0D7500FB1E44 /* UserEntity.swift in Sources */ = {isa = PBXBuildFile; fileRef = 6576E2CE2BEE0D7500FB1E44 /* UserEntity.swift */; };
		6576E2D32BEE1E8F00FB1E44 /* ImageExtension.swift in Sources */ = {isa = PBXBuildFile; fileRef = 6576E2D22BEE1E8F00FB1E44 /* ImageExtension.swift */; };
		6576E2D52BEE30E600FB1E44 /* UITextFieldExtension.swift in Sources */ = {isa = PBXBuildFile; fileRef = 6576E2D42BEE30E600FB1E44 /* UITextFieldExtension.swift */; };
		6576E2D72BF07BE200FB1E44 /* Rx+String.swift in Sources */ = {isa = PBXBuildFile; fileRef = 6576E2D62BF07BE200FB1E44 /* Rx+String.swift */; };
		6576E2DA2BF1D73300FB1E44 /* HomeViewController.swift in Sources */ = {isa = PBXBuildFile; fileRef = 6576E2D92BF1D73300FB1E44 /* HomeViewController.swift */; };
		6576E2DC2BF1D73D00FB1E44 /* HomeViewModel.swift in Sources */ = {isa = PBXBuildFile; fileRef = 6576E2DB2BF1D73D00FB1E44 /* HomeViewModel.swift */; };
		6576E2DE2BF1EBCD00FB1E44 /* SurveyRequestEntity.swift in Sources */ = {isa = PBXBuildFile; fileRef = 6576E2DD2BF1EBCD00FB1E44 /* SurveyRequestEntity.swift */; };
		6576E2E02BF1EBE300FB1E44 /* SurveyResponseEntity.swift in Sources */ = {isa = PBXBuildFile; fileRef = 6576E2DF2BF1EBE300FB1E44 /* SurveyResponseEntity.swift */; };
		6576E2E42BF2177000FB1E44 /* MenuView.xib in Resources */ = {isa = PBXBuildFile; fileRef = 6576E2E32BF2177000FB1E44 /* MenuView.xib */; };
		6576E2E62BF2179D00FB1E44 /* MenuView.swift in Sources */ = {isa = PBXBuildFile; fileRef = 6576E2E52BF2179D00FB1E44 /* MenuView.swift */; };
		658A56392BF37D25003BCC44 /* RequestPlugin.swift in Sources */ = {isa = PBXBuildFile; fileRef = 658A56382BF37D25003BCC44 /* RequestPlugin.swift */; };
		658A563B2BF3B6DA003BCC44 /* SurveyDetailResponseEntity.swift in Sources */ = {isa = PBXBuildFile; fileRef = 658A563A2BF3B6DA003BCC44 /* SurveyDetailResponseEntity.swift */; };
		658A563F2BF47BA1003BCC44 /* QuestionViewModel.swift in Sources */ = {isa = PBXBuildFile; fileRef = 658A563E2BF47BA1003BCC44 /* QuestionViewModel.swift */; };
		658A56412BF47C32003BCC44 /* SubmitResponsesRequestEntity.swift in Sources */ = {isa = PBXBuildFile; fileRef = 658A56402BF47C32003BCC44 /* SubmitResponsesRequestEntity.swift */; };
		658A56432BF4806F003BCC44 /* RatingView.xib in Resources */ = {isa = PBXBuildFile; fileRef = 658A56422BF4806F003BCC44 /* RatingView.xib */; };
		658A56452BF48085003BCC44 /* RatingView.swift in Sources */ = {isa = PBXBuildFile; fileRef = 658A56442BF48085003BCC44 /* RatingView.swift */; };
		658A56472BF490A2003BCC44 /* UIViewExtension.swift in Sources */ = {isa = PBXBuildFile; fileRef = 658A56462BF490A2003BCC44 /* UIViewExtension.swift */; };
		658A56492BF4A993003BCC44 /* Rx+ActivityIndicator.swift in Sources */ = {isa = PBXBuildFile; fileRef = 658A56482BF4A993003BCC44 /* Rx+ActivityIndicator.swift */; };
		658A564B2BF4ABDE003BCC44 /* Rx+SVProgressHUD.swift in Sources */ = {isa = PBXBuildFile; fileRef = 658A564A2BF4ABDE003BCC44 /* Rx+SVProgressHUD.swift */; };
		658A564D2BF4B6E8003BCC44 /* SurveyEntranceViewModel.swift in Sources */ = {isa = PBXBuildFile; fileRef = 658A564C2BF4B6E8003BCC44 /* SurveyEntranceViewModel.swift */; };
		65B8BCC02BF31F0C00CF7313 /* SurveyEntranceViewController.swift in Sources */ = {isa = PBXBuildFile; fileRef = 65B8BCBF2BF31F0C00CF7313 /* SurveyEntranceViewController.swift */; };
		65B8BCC22BF3219000CF7313 /* QuestionViewController.swift in Sources */ = {isa = PBXBuildFile; fileRef = 65B8BCC12BF3219000CF7313 /* QuestionViewController.swift */; };
		65B8BCC42BF321E700CF7313 /* ThankViewController.swift in Sources */ = {isa = PBXBuildFile; fileRef = 65B8BCC32BF321E700CF7313 /* ThankViewController.swift */; };
		65FDF6422BEDEEE400877180 /* AppDelegate.swift in Sources */ = {isa = PBXBuildFile; fileRef = 65FDF6412BEDEEE400877180 /* AppDelegate.swift */; };
		65FDF6442BEDEEE400877180 /* SceneDelegate.swift in Sources */ = {isa = PBXBuildFile; fileRef = 65FDF6432BEDEEE400877180 /* SceneDelegate.swift */; };
		65FDF6462BEDEEE400877180 /* LoginViewController.swift in Sources */ = {isa = PBXBuildFile; fileRef = 65FDF6452BEDEEE400877180 /* LoginViewController.swift */; };
		65FDF6492BEDEEE400877180 /* Main.storyboard in Resources */ = {isa = PBXBuildFile; fileRef = 65FDF6472BEDEEE400877180 /* Main.storyboard */; };
		65FDF64B2BEDEEE600877180 /* Assets.xcassets in Resources */ = {isa = PBXBuildFile; fileRef = 65FDF64A2BEDEEE600877180 /* Assets.xcassets */; };
		65FDF64E2BEDEEE600877180 /* LaunchScreen.storyboard in Resources */ = {isa = PBXBuildFile; fileRef = 65FDF64C2BEDEEE600877180 /* LaunchScreen.storyboard */; };
		65FDF6592BEDEEE600877180 /* NimbleSurveyTests.swift in Sources */ = {isa = PBXBuildFile; fileRef = 65FDF6582BEDEEE600877180 /* NimbleSurveyTests.swift */; };
		65FDF6632BEDEEE600877180 /* NimbleSurveyUITests.swift in Sources */ = {isa = PBXBuildFile; fileRef = 65FDF6622BEDEEE600877180 /* NimbleSurveyUITests.swift */; };
		65FDF6652BEDEEE600877180 /* NimbleSurveyUITestsLaunchTests.swift in Sources */ = {isa = PBXBuildFile; fileRef = 65FDF6642BEDEEE600877180 /* NimbleSurveyUITestsLaunchTests.swift */; };
/* End PBXBuildFile section */

/* Begin PBXContainerItemProxy section */
		65FDF6552BEDEEE600877180 /* PBXContainerItemProxy */ = {
			isa = PBXContainerItemProxy;
			containerPortal = 65FDF6362BEDEEE400877180 /* Project object */;
			proxyType = 1;
			remoteGlobalIDString = 65FDF63D2BEDEEE400877180;
			remoteInfo = NimbleSurvey;
		};
		65FDF65F2BEDEEE600877180 /* PBXContainerItemProxy */ = {
			isa = PBXContainerItemProxy;
			containerPortal = 65FDF6362BEDEEE400877180 /* Project object */;
			proxyType = 1;
			remoteGlobalIDString = 65FDF63D2BEDEEE400877180;
			remoteInfo = NimbleSurvey;
		};
/* End PBXContainerItemProxy section */

/* Begin PBXFileReference section */
		1D5E37A06DF206B4FB5B8F0B /* Pods-NimbleSurvey.debug.xcconfig */ = {isa = PBXFileReference; includeInIndex = 1; lastKnownFileType = text.xcconfig; name = "Pods-NimbleSurvey.debug.xcconfig"; path = "Target Support Files/Pods-NimbleSurvey/Pods-NimbleSurvey.debug.xcconfig"; sourceTree = "<group>"; };
		2914BB2C86E469597C9D2CF0 /* Pods_NimbleSurvey.framework */ = {isa = PBXFileReference; explicitFileType = wrapper.framework; includeInIndex = 0; path = Pods_NimbleSurvey.framework; sourceTree = BUILT_PRODUCTS_DIR; };
		4C9A9E2940B806E28EF9A225 /* Pods-NimbleSurvey.release.xcconfig */ = {isa = PBXFileReference; includeInIndex = 1; lastKnownFileType = text.xcconfig; name = "Pods-NimbleSurvey.release.xcconfig"; path = "Target Support Files/Pods-NimbleSurvey/Pods-NimbleSurvey.release.xcconfig"; sourceTree = "<group>"; };
		6576E2AA2BEE049700FB1E44 /* LoginViewModel.swift */ = {isa = PBXFileReference; lastKnownFileType = sourcecode.swift; path = LoginViewModel.swift; sourceTree = "<group>"; };
		6576E2B02BEE055E00FB1E44 /* RealmManager.swift */ = {isa = PBXFileReference; fileEncoding = 4; lastKnownFileType = sourcecode.swift; path = RealmManager.swift; sourceTree = "<group>"; };
		6576E2B52BEE056F00FB1E44 /* APIProvider.swift */ = {isa = PBXFileReference; fileEncoding = 4; lastKnownFileType = sourcecode.swift; path = APIProvider.swift; sourceTree = "<group>"; };
		6576E2B62BEE056F00FB1E44 /* NetworkService.swift */ = {isa = PBXFileReference; fileEncoding = 4; lastKnownFileType = sourcecode.swift; path = NetworkService.swift; sourceTree = "<group>"; };
		6576E2B82BEE057000FB1E44 /* Constants.swift */ = {isa = PBXFileReference; fileEncoding = 4; lastKnownFileType = sourcecode.swift; path = Constants.swift; sourceTree = "<group>"; };
		6576E2B92BEE057000FB1E44 /* SingleExtension.swift */ = {isa = PBXFileReference; fileEncoding = 4; lastKnownFileType = sourcecode.swift; path = SingleExtension.swift; sourceTree = "<group>"; };
		6576E2BE2BEE06A000FB1E44 /* BaseCodableResponseEntity.swift */ = {isa = PBXFileReference; fileEncoding = 4; lastKnownFileType = sourcecode.swift; path = BaseCodableResponseEntity.swift; sourceTree = "<group>"; };
		6576E2BF2BEE06A000FB1E44 /* BaseEncodable.swift */ = {isa = PBXFileReference; fileEncoding = 4; lastKnownFileType = sourcecode.swift; path = BaseEncodable.swift; sourceTree = "<group>"; };
		6576E2C02BEE06A000FB1E44 /* BaseCodableAPIInfoEntity.swift */ = {isa = PBXFileReference; fileEncoding = 4; lastKnownFileType = sourcecode.swift; path = BaseCodableAPIInfoEntity.swift; sourceTree = "<group>"; };
		6576E2C12BEE06A000FB1E44 /* BaseCodable.swift */ = {isa = PBXFileReference; fileEncoding = 4; lastKnownFileType = sourcecode.swift; path = BaseCodable.swift; sourceTree = "<group>"; };
		6576E2C62BEE09C900FB1E44 /* LoginRequestEntity.swift */ = {isa = PBXFileReference; lastKnownFileType = sourcecode.swift; path = LoginRequestEntity.swift; sourceTree = "<group>"; };
		6576E2C82BEE0A3400FB1E44 /* LoginResponseEntity.swift */ = {isa = PBXFileReference; lastKnownFileType = sourcecode.swift; path = LoginResponseEntity.swift; sourceTree = "<group>"; };
		6576E2CA2BEE0B5F00FB1E44 /* NetworkAPI.swift */ = {isa = PBXFileReference; lastKnownFileType = sourcecode.swift; path = NetworkAPI.swift; sourceTree = "<group>"; };
		6576E2CC2BEE0C6A00FB1E44 /* ThreadSafeDictionary.swift */ = {isa = PBXFileReference; fileEncoding = 4; lastKnownFileType = sourcecode.swift; path = ThreadSafeDictionary.swift; sourceTree = "<group>"; };
		6576E2CE2BEE0D7500FB1E44 /* UserEntity.swift */ = {isa = PBXFileReference; lastKnownFileType = sourcecode.swift; path = UserEntity.swift; sourceTree = "<group>"; };
		6576E2D22BEE1E8F00FB1E44 /* ImageExtension.swift */ = {isa = PBXFileReference; lastKnownFileType = sourcecode.swift; path = ImageExtension.swift; sourceTree = "<group>"; };
		6576E2D42BEE30E600FB1E44 /* UITextFieldExtension.swift */ = {isa = PBXFileReference; lastKnownFileType = sourcecode.swift; path = UITextFieldExtension.swift; sourceTree = "<group>"; };
		6576E2D62BF07BE200FB1E44 /* Rx+String.swift */ = {isa = PBXFileReference; lastKnownFileType = sourcecode.swift; path = "Rx+String.swift"; sourceTree = "<group>"; };
		6576E2D92BF1D73300FB1E44 /* HomeViewController.swift */ = {isa = PBXFileReference; lastKnownFileType = sourcecode.swift; path = HomeViewController.swift; sourceTree = "<group>"; };
		6576E2DB2BF1D73D00FB1E44 /* HomeViewModel.swift */ = {isa = PBXFileReference; lastKnownFileType = sourcecode.swift; path = HomeViewModel.swift; sourceTree = "<group>"; };
		6576E2DD2BF1EBCD00FB1E44 /* SurveyRequestEntity.swift */ = {isa = PBXFileReference; lastKnownFileType = sourcecode.swift; path = SurveyRequestEntity.swift; sourceTree = "<group>"; };
		6576E2DF2BF1EBE300FB1E44 /* SurveyResponseEntity.swift */ = {isa = PBXFileReference; lastKnownFileType = sourcecode.swift; path = SurveyResponseEntity.swift; sourceTree = "<group>"; };
		6576E2E32BF2177000FB1E44 /* MenuView.xib */ = {isa = PBXFileReference; lastKnownFileType = file.xib; path = MenuView.xib; sourceTree = "<group>"; };
		6576E2E52BF2179D00FB1E44 /* MenuView.swift */ = {isa = PBXFileReference; lastKnownFileType = sourcecode.swift; path = MenuView.swift; sourceTree = "<group>"; };
		658A56382BF37D25003BCC44 /* RequestPlugin.swift */ = {isa = PBXFileReference; lastKnownFileType = sourcecode.swift; path = RequestPlugin.swift; sourceTree = "<group>"; };
		658A563A2BF3B6DA003BCC44 /* SurveyDetailResponseEntity.swift */ = {isa = PBXFileReference; lastKnownFileType = sourcecode.swift; path = SurveyDetailResponseEntity.swift; sourceTree = "<group>"; };
		658A563E2BF47BA1003BCC44 /* QuestionViewModel.swift */ = {isa = PBXFileReference; lastKnownFileType = sourcecode.swift; path = QuestionViewModel.swift; sourceTree = "<group>"; };
		658A56402BF47C32003BCC44 /* SubmitResponsesRequestEntity.swift */ = {isa = PBXFileReference; lastKnownFileType = sourcecode.swift; path = SubmitResponsesRequestEntity.swift; sourceTree = "<group>"; };
		658A56422BF4806F003BCC44 /* RatingView.xib */ = {isa = PBXFileReference; lastKnownFileType = file.xib; path = RatingView.xib; sourceTree = "<group>"; };
		658A56442BF48085003BCC44 /* RatingView.swift */ = {isa = PBXFileReference; lastKnownFileType = sourcecode.swift; path = RatingView.swift; sourceTree = "<group>"; };
		658A56462BF490A2003BCC44 /* UIViewExtension.swift */ = {isa = PBXFileReference; lastKnownFileType = sourcecode.swift; path = UIViewExtension.swift; sourceTree = "<group>"; };
		658A56482BF4A993003BCC44 /* Rx+ActivityIndicator.swift */ = {isa = PBXFileReference; lastKnownFileType = sourcecode.swift; path = "Rx+ActivityIndicator.swift"; sourceTree = "<group>"; };
		658A564A2BF4ABDE003BCC44 /* Rx+SVProgressHUD.swift */ = {isa = PBXFileReference; lastKnownFileType = sourcecode.swift; path = "Rx+SVProgressHUD.swift"; sourceTree = "<group>"; };
		658A564C2BF4B6E8003BCC44 /* SurveyEntranceViewModel.swift */ = {isa = PBXFileReference; lastKnownFileType = sourcecode.swift; path = SurveyEntranceViewModel.swift; sourceTree = "<group>"; };
		65B8BCBF2BF31F0C00CF7313 /* SurveyEntranceViewController.swift */ = {isa = PBXFileReference; lastKnownFileType = sourcecode.swift; path = SurveyEntranceViewController.swift; sourceTree = "<group>"; };
		65B8BCC12BF3219000CF7313 /* QuestionViewController.swift */ = {isa = PBXFileReference; lastKnownFileType = sourcecode.swift; path = QuestionViewController.swift; sourceTree = "<group>"; };
		65B8BCC32BF321E700CF7313 /* ThankViewController.swift */ = {isa = PBXFileReference; lastKnownFileType = sourcecode.swift; path = ThankViewController.swift; sourceTree = "<group>"; };
		65FDF63E2BEDEEE400877180 /* NimbleSurvey.app */ = {isa = PBXFileReference; explicitFileType = wrapper.application; includeInIndex = 0; path = NimbleSurvey.app; sourceTree = BUILT_PRODUCTS_DIR; };
		65FDF6412BEDEEE400877180 /* AppDelegate.swift */ = {isa = PBXFileReference; lastKnownFileType = sourcecode.swift; path = AppDelegate.swift; sourceTree = "<group>"; };
		65FDF6432BEDEEE400877180 /* SceneDelegate.swift */ = {isa = PBXFileReference; lastKnownFileType = sourcecode.swift; path = SceneDelegate.swift; sourceTree = "<group>"; };
		65FDF6452BEDEEE400877180 /* LoginViewController.swift */ = {isa = PBXFileReference; lastKnownFileType = sourcecode.swift; path = LoginViewController.swift; sourceTree = "<group>"; };
		65FDF6482BEDEEE400877180 /* Base */ = {isa = PBXFileReference; lastKnownFileType = file.storyboard; name = Base; path = Base.lproj/Main.storyboard; sourceTree = "<group>"; };
		65FDF64A2BEDEEE600877180 /* Assets.xcassets */ = {isa = PBXFileReference; lastKnownFileType = folder.assetcatalog; path = Assets.xcassets; sourceTree = "<group>"; };
		65FDF64D2BEDEEE600877180 /* Base */ = {isa = PBXFileReference; lastKnownFileType = file.storyboard; name = Base; path = Base.lproj/LaunchScreen.storyboard; sourceTree = "<group>"; };
		65FDF64F2BEDEEE600877180 /* Info.plist */ = {isa = PBXFileReference; lastKnownFileType = text.plist.xml; path = Info.plist; sourceTree = "<group>"; };
		65FDF6542BEDEEE600877180 /* NimbleSurveyTests.xctest */ = {isa = PBXFileReference; explicitFileType = wrapper.cfbundle; includeInIndex = 0; path = NimbleSurveyTests.xctest; sourceTree = BUILT_PRODUCTS_DIR; };
		65FDF6582BEDEEE600877180 /* NimbleSurveyTests.swift */ = {isa = PBXFileReference; lastKnownFileType = sourcecode.swift; path = NimbleSurveyTests.swift; sourceTree = "<group>"; };
		65FDF65E2BEDEEE600877180 /* NimbleSurveyUITests.xctest */ = {isa = PBXFileReference; explicitFileType = wrapper.cfbundle; includeInIndex = 0; path = NimbleSurveyUITests.xctest; sourceTree = BUILT_PRODUCTS_DIR; };
		65FDF6622BEDEEE600877180 /* NimbleSurveyUITests.swift */ = {isa = PBXFileReference; lastKnownFileType = sourcecode.swift; path = NimbleSurveyUITests.swift; sourceTree = "<group>"; };
		65FDF6642BEDEEE600877180 /* NimbleSurveyUITestsLaunchTests.swift */ = {isa = PBXFileReference; lastKnownFileType = sourcecode.swift; path = NimbleSurveyUITestsLaunchTests.swift; sourceTree = "<group>"; };
		70BC5786DFC815D62896A808 /* Pods_NimbleSurveyTests.framework */ = {isa = PBXFileReference; explicitFileType = wrapper.framework; includeInIndex = 0; path = Pods_NimbleSurveyTests.framework; sourceTree = BUILT_PRODUCTS_DIR; };
		8BC95633786B08E08B6A8CDD /* Pods-NimbleSurveyTests.debug.xcconfig */ = {isa = PBXFileReference; includeInIndex = 1; lastKnownFileType = text.xcconfig; name = "Pods-NimbleSurveyTests.debug.xcconfig"; path = "Target Support Files/Pods-NimbleSurveyTests/Pods-NimbleSurveyTests.debug.xcconfig"; sourceTree = "<group>"; };
		D182C049C4C7C1446DB9967E /* Pods-NimbleSurveyTests.release.xcconfig */ = {isa = PBXFileReference; includeInIndex = 1; lastKnownFileType = text.xcconfig; name = "Pods-NimbleSurveyTests.release.xcconfig"; path = "Target Support Files/Pods-NimbleSurveyTests/Pods-NimbleSurveyTests.release.xcconfig"; sourceTree = "<group>"; };
/* End PBXFileReference section */

/* Begin PBXFrameworksBuildPhase section */
		65FDF63B2BEDEEE400877180 /* Frameworks */ = {
			isa = PBXFrameworksBuildPhase;
			buildActionMask = 2147483647;
			files = (
				08D6C5558FD6A34C6D00C9F9 /* Pods_NimbleSurvey.framework in Frameworks */,
			);
			runOnlyForDeploymentPostprocessing = 0;
		};
		65FDF6512BEDEEE600877180 /* Frameworks */ = {
			isa = PBXFrameworksBuildPhase;
			buildActionMask = 2147483647;
			files = (
				2E1B109D8780D4CCDBAFE748 /* Pods_NimbleSurveyTests.framework in Frameworks */,
			);
			runOnlyForDeploymentPostprocessing = 0;
		};
		65FDF65B2BEDEEE600877180 /* Frameworks */ = {
			isa = PBXFrameworksBuildPhase;
			buildActionMask = 2147483647;
			files = (
			);
			runOnlyForDeploymentPostprocessing = 0;
		};
/* End PBXFrameworksBuildPhase section */

/* Begin PBXGroup section */
		6576E2A92BEE047C00FB1E44 /* Onboarding */ = {
			isa = PBXGroup;
			children = (
				65FDF6452BEDEEE400877180 /* LoginViewController.swift */,
				6576E2AA2BEE049700FB1E44 /* LoginViewModel.swift */,
			);
			path = Onboarding;
			sourceTree = "<group>";
		};
		6576E2AC2BEE052800FB1E44 /* Extensions */ = {
			isa = PBXGroup;
			children = (
				6576E2B92BEE057000FB1E44 /* SingleExtension.swift */,
				6576E2D22BEE1E8F00FB1E44 /* ImageExtension.swift */,
				6576E2CC2BEE0C6A00FB1E44 /* ThreadSafeDictionary.swift */,
				6576E2D42BEE30E600FB1E44 /* UITextFieldExtension.swift */,
				658A56462BF490A2003BCC44 /* UIViewExtension.swift */,
			);
			path = Extensions;
			sourceTree = "<group>";
		};
		6576E2AF2BEE054B00FB1E44 /* Models */ = {
			isa = PBXGroup;
			children = (
				6576E2C12BEE06A000FB1E44 /* BaseCodable.swift */,
				6576E2C02BEE06A000FB1E44 /* BaseCodableAPIInfoEntity.swift */,
				6576E2BE2BEE06A000FB1E44 /* BaseCodableResponseEntity.swift */,
				6576E2BF2BEE06A000FB1E44 /* BaseEncodable.swift */,
				6576E2CE2BEE0D7500FB1E44 /* UserEntity.swift */,
			);
			path = Models;
			sourceTree = "<group>";
		};
		6576E2B42BEE056F00FB1E44 /* Services */ = {
			isa = PBXGroup;
			children = (
				6576E2B52BEE056F00FB1E44 /* APIProvider.swift */,
				6576E2B62BEE056F00FB1E44 /* NetworkService.swift */,
				6576E2CA2BEE0B5F00FB1E44 /* NetworkAPI.swift */,
				658A56382BF37D25003BCC44 /* RequestPlugin.swift */,
				6576E2C62BEE09C900FB1E44 /* LoginRequestEntity.swift */,
				6576E2C82BEE0A3400FB1E44 /* LoginResponseEntity.swift */,
				6576E2DD2BF1EBCD00FB1E44 /* SurveyRequestEntity.swift */,
				6576E2DF2BF1EBE300FB1E44 /* SurveyResponseEntity.swift */,
				658A563A2BF3B6DA003BCC44 /* SurveyDetailResponseEntity.swift */,
				658A56402BF47C32003BCC44 /* SubmitResponsesRequestEntity.swift */,
			);
			path = Services;
			sourceTree = "<group>";
		};
		6576E2B72BEE057000FB1E44 /* Helpers */ = {
			isa = PBXGroup;
			children = (
				6576E2B82BEE057000FB1E44 /* Constants.swift */,
				6576E2B02BEE055E00FB1E44 /* RealmManager.swift */,
				658A56482BF4A993003BCC44 /* Rx+ActivityIndicator.swift */,
				658A564A2BF4ABDE003BCC44 /* Rx+SVProgressHUD.swift */,
				6576E2D62BF07BE200FB1E44 /* Rx+String.swift */,
			);
			path = Helpers;
			sourceTree = "<group>";
		};
		6576E2D82BF1D72300FB1E44 /* Home */ = {
			isa = PBXGroup;
			children = (
				6576E2D92BF1D73300FB1E44 /* HomeViewController.swift */,
				6576E2DB2BF1D73D00FB1E44 /* HomeViewModel.swift */,
				6576E2E32BF2177000FB1E44 /* MenuView.xib */,
				6576E2E52BF2179D00FB1E44 /* MenuView.swift */,
			);
			path = Home;
			sourceTree = "<group>";
		};
		65B8BCBE2BF31EF900CF7313 /* Survey */ = {
			isa = PBXGroup;
			children = (
				65B8BCBF2BF31F0C00CF7313 /* SurveyEntranceViewController.swift */,
				658A564C2BF4B6E8003BCC44 /* SurveyEntranceViewModel.swift */,
				65B8BCC12BF3219000CF7313 /* QuestionViewController.swift */,
				658A563E2BF47BA1003BCC44 /* QuestionViewModel.swift */,
				65B8BCC32BF321E700CF7313 /* ThankViewController.swift */,
				658A56422BF4806F003BCC44 /* RatingView.xib */,
				658A56442BF48085003BCC44 /* RatingView.swift */,
			);
			path = Survey;
			sourceTree = "<group>";
		};
		65FDF6352BEDEEE400877180 = {
			isa = PBXGroup;
			children = (
				65FDF6402BEDEEE400877180 /* NimbleSurvey */,
				65FDF6572BEDEEE600877180 /* NimbleSurveyTests */,
				65FDF6612BEDEEE600877180 /* NimbleSurveyUITests */,
				65FDF63F2BEDEEE400877180 /* Products */,
				FACF6918068D72075D1313AA /* Pods */,
				D6C9F8EECACC9D393A72476B /* Frameworks */,
			);
			sourceTree = "<group>";
		};
		65FDF63F2BEDEEE400877180 /* Products */ = {
			isa = PBXGroup;
			children = (
				65FDF63E2BEDEEE400877180 /* NimbleSurvey.app */,
				65FDF6542BEDEEE600877180 /* NimbleSurveyTests.xctest */,
				65FDF65E2BEDEEE600877180 /* NimbleSurveyUITests.xctest */,
			);
			name = Products;
			sourceTree = "<group>";
		};
		65FDF6402BEDEEE400877180 /* NimbleSurvey */ = {
			isa = PBXGroup;
			children = (
				65FDF6412BEDEEE400877180 /* AppDelegate.swift */,
				65FDF6432BEDEEE400877180 /* SceneDelegate.swift */,
				6576E2B72BEE057000FB1E44 /* Helpers */,
				6576E2B42BEE056F00FB1E44 /* Services */,
				6576E2AF2BEE054B00FB1E44 /* Models */,
				6576E2AC2BEE052800FB1E44 /* Extensions */,
				6576E2A92BEE047C00FB1E44 /* Onboarding */,
				6576E2D82BF1D72300FB1E44 /* Home */,
				65B8BCBE2BF31EF900CF7313 /* Survey */,
				65FDF6472BEDEEE400877180 /* Main.storyboard */,
				65FDF64A2BEDEEE600877180 /* Assets.xcassets */,
				65FDF64C2BEDEEE600877180 /* LaunchScreen.storyboard */,
				65FDF64F2BEDEEE600877180 /* Info.plist */,
			);
			path = NimbleSurvey;
			sourceTree = "<group>";
		};
		65FDF6572BEDEEE600877180 /* NimbleSurveyTests */ = {
			isa = PBXGroup;
			children = (
				65FDF6582BEDEEE600877180 /* NimbleSurveyTests.swift */,
			);
			path = NimbleSurveyTests;
			sourceTree = "<group>";
		};
		65FDF6612BEDEEE600877180 /* NimbleSurveyUITests */ = {
			isa = PBXGroup;
			children = (
				65FDF6622BEDEEE600877180 /* NimbleSurveyUITests.swift */,
				65FDF6642BEDEEE600877180 /* NimbleSurveyUITestsLaunchTests.swift */,
			);
			path = NimbleSurveyUITests;
			sourceTree = "<group>";
		};
		D6C9F8EECACC9D393A72476B /* Frameworks */ = {
			isa = PBXGroup;
			children = (
				2914BB2C86E469597C9D2CF0 /* Pods_NimbleSurvey.framework */,
				70BC5786DFC815D62896A808 /* Pods_NimbleSurveyTests.framework */,
			);
			name = Frameworks;
			sourceTree = "<group>";
		};
		FACF6918068D72075D1313AA /* Pods */ = {
			isa = PBXGroup;
			children = (
				1D5E37A06DF206B4FB5B8F0B /* Pods-NimbleSurvey.debug.xcconfig */,
				4C9A9E2940B806E28EF9A225 /* Pods-NimbleSurvey.release.xcconfig */,
				8BC95633786B08E08B6A8CDD /* Pods-NimbleSurveyTests.debug.xcconfig */,
				D182C049C4C7C1446DB9967E /* Pods-NimbleSurveyTests.release.xcconfig */,
			);
			path = Pods;
			sourceTree = "<group>";
		};
/* End PBXGroup section */

/* Begin PBXNativeTarget section */
		65FDF63D2BEDEEE400877180 /* NimbleSurvey */ = {
			isa = PBXNativeTarget;
			buildConfigurationList = 65FDF6682BEDEEE600877180 /* Build configuration list for PBXNativeTarget "NimbleSurvey" */;
			buildPhases = (
				07EE7DA6A8A75A27A48C7775 /* [CP] Check Pods Manifest.lock */,
				65FDF63A2BEDEEE400877180 /* Sources */,
				65FDF63B2BEDEEE400877180 /* Frameworks */,
				65FDF63C2BEDEEE400877180 /* Resources */,
				7C7AF9ACEC6F39F150293D28 /* [CP] Embed Pods Frameworks */,
			);
			buildRules = (
			);
			dependencies = (
			);
			name = NimbleSurvey;
			productName = NimbleSurvey;
			productReference = 65FDF63E2BEDEEE400877180 /* NimbleSurvey.app */;
			productType = "com.apple.product-type.application";
		};
		65FDF6532BEDEEE600877180 /* NimbleSurveyTests */ = {
			isa = PBXNativeTarget;
			buildConfigurationList = 65FDF66B2BEDEEE600877180 /* Build configuration list for PBXNativeTarget "NimbleSurveyTests" */;
			buildPhases = (
				6FD85F2263C1C19685AF2340 /* [CP] Check Pods Manifest.lock */,
				65FDF6502BEDEEE600877180 /* Sources */,
				65FDF6512BEDEEE600877180 /* Frameworks */,
				65FDF6522BEDEEE600877180 /* Resources */,
				DAE76388AFBEEC1B9FAA60E7 /* [CP] Embed Pods Frameworks */,
			);
			buildRules = (
			);
			dependencies = (
				65FDF6562BEDEEE600877180 /* PBXTargetDependency */,
			);
			name = NimbleSurveyTests;
			productName = NimbleSurveyTests;
			productReference = 65FDF6542BEDEEE600877180 /* NimbleSurveyTests.xctest */;
			productType = "com.apple.product-type.bundle.unit-test";
		};
		65FDF65D2BEDEEE600877180 /* NimbleSurveyUITests */ = {
			isa = PBXNativeTarget;
			buildConfigurationList = 65FDF66E2BEDEEE600877180 /* Build configuration list for PBXNativeTarget "NimbleSurveyUITests" */;
			buildPhases = (
				65FDF65A2BEDEEE600877180 /* Sources */,
				65FDF65B2BEDEEE600877180 /* Frameworks */,
				65FDF65C2BEDEEE600877180 /* Resources */,
			);
			buildRules = (
			);
			dependencies = (
				65FDF6602BEDEEE600877180 /* PBXTargetDependency */,
			);
			name = NimbleSurveyUITests;
			productName = NimbleSurveyUITests;
			productReference = 65FDF65E2BEDEEE600877180 /* NimbleSurveyUITests.xctest */;
			productType = "com.apple.product-type.bundle.ui-testing";
		};
/* End PBXNativeTarget section */

/* Begin PBXProject section */
		65FDF6362BEDEEE400877180 /* Project object */ = {
			isa = PBXProject;
			attributes = {
				BuildIndependentTargetsInParallel = 1;
				LastSwiftUpdateCheck = 1520;
				LastUpgradeCheck = 1520;
				TargetAttributes = {
					65FDF63D2BEDEEE400877180 = {
						CreatedOnToolsVersion = 15.2;
					};
					65FDF6532BEDEEE600877180 = {
						CreatedOnToolsVersion = 15.2;
						TestTargetID = 65FDF63D2BEDEEE400877180;
					};
					65FDF65D2BEDEEE600877180 = {
						CreatedOnToolsVersion = 15.2;
						TestTargetID = 65FDF63D2BEDEEE400877180;
					};
				};
			};
			buildConfigurationList = 65FDF6392BEDEEE400877180 /* Build configuration list for PBXProject "NimbleSurvey" */;
			compatibilityVersion = "Xcode 14.0";
			developmentRegion = en;
			hasScannedForEncodings = 0;
			knownRegions = (
				en,
				Base,
			);
			mainGroup = 65FDF6352BEDEEE400877180;
			productRefGroup = 65FDF63F2BEDEEE400877180 /* Products */;
			projectDirPath = "";
			projectRoot = "";
			targets = (
				65FDF63D2BEDEEE400877180 /* NimbleSurvey */,
				65FDF6532BEDEEE600877180 /* NimbleSurveyTests */,
				65FDF65D2BEDEEE600877180 /* NimbleSurveyUITests */,
			);
		};
/* End PBXProject section */

/* Begin PBXResourcesBuildPhase section */
		65FDF63C2BEDEEE400877180 /* Resources */ = {
			isa = PBXResourcesBuildPhase;
			buildActionMask = 2147483647;
			files = (
				65FDF64E2BEDEEE600877180 /* LaunchScreen.storyboard in Resources */,
				658A56432BF4806F003BCC44 /* RatingView.xib in Resources */,
				6576E2E42BF2177000FB1E44 /* MenuView.xib in Resources */,
				65FDF64B2BEDEEE600877180 /* Assets.xcassets in Resources */,
				65FDF6492BEDEEE400877180 /* Main.storyboard in Resources */,
			);
			runOnlyForDeploymentPostprocessing = 0;
		};
		65FDF6522BEDEEE600877180 /* Resources */ = {
			isa = PBXResourcesBuildPhase;
			buildActionMask = 2147483647;
			files = (
			);
			runOnlyForDeploymentPostprocessing = 0;
		};
		65FDF65C2BEDEEE600877180 /* Resources */ = {
			isa = PBXResourcesBuildPhase;
			buildActionMask = 2147483647;
			files = (
			);
			runOnlyForDeploymentPostprocessing = 0;
		};
/* End PBXResourcesBuildPhase section */

/* Begin PBXShellScriptBuildPhase section */
		07EE7DA6A8A75A27A48C7775 /* [CP] Check Pods Manifest.lock */ = {
			isa = PBXShellScriptBuildPhase;
			buildActionMask = 2147483647;
			files = (
			);
			inputFileListPaths = (
			);
			inputPaths = (
				"${PODS_PODFILE_DIR_PATH}/Podfile.lock",
				"${PODS_ROOT}/Manifest.lock",
			);
			name = "[CP] Check Pods Manifest.lock";
			outputFileListPaths = (
			);
			outputPaths = (
				"$(DERIVED_FILE_DIR)/Pods-NimbleSurvey-checkManifestLockResult.txt",
			);
			runOnlyForDeploymentPostprocessing = 0;
			shellPath = /bin/sh;
			shellScript = "diff \"${PODS_PODFILE_DIR_PATH}/Podfile.lock\" \"${PODS_ROOT}/Manifest.lock\" > /dev/null\nif [ $? != 0 ] ; then\n    # print error to STDERR\n    echo \"error: The sandbox is not in sync with the Podfile.lock. Run 'pod install' or update your CocoaPods installation.\" >&2\n    exit 1\nfi\n# This output is used by Xcode 'outputs' to avoid re-running this script phase.\necho \"SUCCESS\" > \"${SCRIPT_OUTPUT_FILE_0}\"\n";
			showEnvVarsInLog = 0;
		};
		6FD85F2263C1C19685AF2340 /* [CP] Check Pods Manifest.lock */ = {
			isa = PBXShellScriptBuildPhase;
			buildActionMask = 2147483647;
			files = (
			);
			inputFileListPaths = (
			);
			inputPaths = (
				"${PODS_PODFILE_DIR_PATH}/Podfile.lock",
				"${PODS_ROOT}/Manifest.lock",
			);
			name = "[CP] Check Pods Manifest.lock";
			outputFileListPaths = (
			);
			outputPaths = (
				"$(DERIVED_FILE_DIR)/Pods-NimbleSurveyTests-checkManifestLockResult.txt",
			);
			runOnlyForDeploymentPostprocessing = 0;
			shellPath = /bin/sh;
			shellScript = "diff \"${PODS_PODFILE_DIR_PATH}/Podfile.lock\" \"${PODS_ROOT}/Manifest.lock\" > /dev/null\nif [ $? != 0 ] ; then\n    # print error to STDERR\n    echo \"error: The sandbox is not in sync with the Podfile.lock. Run 'pod install' or update your CocoaPods installation.\" >&2\n    exit 1\nfi\n# This output is used by Xcode 'outputs' to avoid re-running this script phase.\necho \"SUCCESS\" > \"${SCRIPT_OUTPUT_FILE_0}\"\n";
			showEnvVarsInLog = 0;
		};
		7C7AF9ACEC6F39F150293D28 /* [CP] Embed Pods Frameworks */ = {
			isa = PBXShellScriptBuildPhase;
			buildActionMask = 2147483647;
			files = (
			);
			inputFileListPaths = (
				"${PODS_ROOT}/Target Support Files/Pods-NimbleSurvey/Pods-NimbleSurvey-frameworks-${CONFIGURATION}-input-files.xcfilelist",
			);
			name = "[CP] Embed Pods Frameworks";
			outputFileListPaths = (
				"${PODS_ROOT}/Target Support Files/Pods-NimbleSurvey/Pods-NimbleSurvey-frameworks-${CONFIGURATION}-output-files.xcfilelist",
			);
			runOnlyForDeploymentPostprocessing = 0;
			shellPath = /bin/sh;
			shellScript = "\"${PODS_ROOT}/Target Support Files/Pods-NimbleSurvey/Pods-NimbleSurvey-frameworks.sh\"\n";
			showEnvVarsInLog = 0;
		};
		DAE76388AFBEEC1B9FAA60E7 /* [CP] Embed Pods Frameworks */ = {
			isa = PBXShellScriptBuildPhase;
			buildActionMask = 2147483647;
			files = (
			);
			inputFileListPaths = (
				"${PODS_ROOT}/Target Support Files/Pods-NimbleSurveyTests/Pods-NimbleSurveyTests-frameworks-${CONFIGURATION}-input-files.xcfilelist",
			);
			name = "[CP] Embed Pods Frameworks";
			outputFileListPaths = (
				"${PODS_ROOT}/Target Support Files/Pods-NimbleSurveyTests/Pods-NimbleSurveyTests-frameworks-${CONFIGURATION}-output-files.xcfilelist",
			);
			runOnlyForDeploymentPostprocessing = 0;
			shellPath = /bin/sh;
			shellScript = "\"${PODS_ROOT}/Target Support Files/Pods-NimbleSurveyTests/Pods-NimbleSurveyTests-frameworks.sh\"\n";
			showEnvVarsInLog = 0;
		};
/* End PBXShellScriptBuildPhase section */

/* Begin PBXSourcesBuildPhase section */
		65FDF63A2BEDEEE400877180 /* Sources */ = {
			isa = PBXSourcesBuildPhase;
			buildActionMask = 2147483647;
			files = (
				6576E2D72BF07BE200FB1E44 /* Rx+String.swift in Sources */,
				6576E2AB2BEE049700FB1E44 /* LoginViewModel.swift in Sources */,
				65B8BCC02BF31F0C00CF7313 /* SurveyEntranceViewController.swift in Sources */,
				6576E2BA2BEE057000FB1E44 /* APIProvider.swift in Sources */,
				6576E2CF2BEE0D7500FB1E44 /* UserEntity.swift in Sources */,
				65B8BCC22BF3219000CF7313 /* QuestionViewController.swift in Sources */,
				658A56472BF490A2003BCC44 /* UIViewExtension.swift in Sources */,
				6576E2D32BEE1E8F00FB1E44 /* ImageExtension.swift in Sources */,
				65FDF6462BEDEEE400877180 /* LoginViewController.swift in Sources */,
				6576E2DA2BF1D73300FB1E44 /* HomeViewController.swift in Sources */,
				6576E2BD2BEE057000FB1E44 /* SingleExtension.swift in Sources */,
				658A564B2BF4ABDE003BCC44 /* Rx+SVProgressHUD.swift in Sources */,
				658A563F2BF47BA1003BCC44 /* QuestionViewModel.swift in Sources */,
				6576E2CD2BEE0C6A00FB1E44 /* ThreadSafeDictionary.swift in Sources */,
				6576E2BB2BEE057000FB1E44 /* NetworkService.swift in Sources */,
				658A56452BF48085003BCC44 /* RatingView.swift in Sources */,
				6576E2CB2BEE0B5F00FB1E44 /* NetworkAPI.swift in Sources */,
				65B8BCC42BF321E700CF7313 /* ThankViewController.swift in Sources */,
				658A56492BF4A993003BCC44 /* Rx+ActivityIndicator.swift in Sources */,
				6576E2BC2BEE057000FB1E44 /* Constants.swift in Sources */,
				6576E2C22BEE06A000FB1E44 /* BaseCodableResponseEntity.swift in Sources */,
				658A563B2BF3B6DA003BCC44 /* SurveyDetailResponseEntity.swift in Sources */,
				6576E2C52BEE06A000FB1E44 /* BaseCodable.swift in Sources */,
				6576E2C32BEE06A000FB1E44 /* BaseEncodable.swift in Sources */,
				6576E2E02BF1EBE300FB1E44 /* SurveyResponseEntity.swift in Sources */,
				6576E2C92BEE0A3400FB1E44 /* LoginResponseEntity.swift in Sources */,
				65FDF6422BEDEEE400877180 /* AppDelegate.swift in Sources */,
				658A56412BF47C32003BCC44 /* SubmitResponsesRequestEntity.swift in Sources */,
				6576E2D52BEE30E600FB1E44 /* UITextFieldExtension.swift in Sources */,
				6576E2DC2BF1D73D00FB1E44 /* HomeViewModel.swift in Sources */,
				6576E2C72BEE09C900FB1E44 /* LoginRequestEntity.swift in Sources */,
				6576E2E62BF2179D00FB1E44 /* MenuView.swift in Sources */,
				65FDF6442BEDEEE400877180 /* SceneDelegate.swift in Sources */,
				6576E2B22BEE055E00FB1E44 /* RealmManager.swift in Sources */,
				658A564D2BF4B6E8003BCC44 /* SurveyEntranceViewModel.swift in Sources */,
				6576E2C42BEE06A000FB1E44 /* BaseCodableAPIInfoEntity.swift in Sources */,
				658A56392BF37D25003BCC44 /* RequestPlugin.swift in Sources */,
				6576E2DE2BF1EBCD00FB1E44 /* SurveyRequestEntity.swift in Sources */,
			);
			runOnlyForDeploymentPostprocessing = 0;
		};
		65FDF6502BEDEEE600877180 /* Sources */ = {
			isa = PBXSourcesBuildPhase;
			buildActionMask = 2147483647;
			files = (
				65FDF6592BEDEEE600877180 /* NimbleSurveyTests.swift in Sources */,
			);
			runOnlyForDeploymentPostprocessing = 0;
		};
		65FDF65A2BEDEEE600877180 /* Sources */ = {
			isa = PBXSourcesBuildPhase;
			buildActionMask = 2147483647;
			files = (
				65FDF6632BEDEEE600877180 /* NimbleSurveyUITests.swift in Sources */,
				65FDF6652BEDEEE600877180 /* NimbleSurveyUITestsLaunchTests.swift in Sources */,
			);
			runOnlyForDeploymentPostprocessing = 0;
		};
/* End PBXSourcesBuildPhase section */

/* Begin PBXTargetDependency section */
		65FDF6562BEDEEE600877180 /* PBXTargetDependency */ = {
			isa = PBXTargetDependency;
			target = 65FDF63D2BEDEEE400877180 /* NimbleSurvey */;
			targetProxy = 65FDF6552BEDEEE600877180 /* PBXContainerItemProxy */;
		};
		65FDF6602BEDEEE600877180 /* PBXTargetDependency */ = {
			isa = PBXTargetDependency;
			target = 65FDF63D2BEDEEE400877180 /* NimbleSurvey */;
			targetProxy = 65FDF65F2BEDEEE600877180 /* PBXContainerItemProxy */;
		};
/* End PBXTargetDependency section */

/* Begin PBXVariantGroup section */
		65FDF6472BEDEEE400877180 /* Main.storyboard */ = {
			isa = PBXVariantGroup;
			children = (
				65FDF6482BEDEEE400877180 /* Base */,
			);
			name = Main.storyboard;
			sourceTree = "<group>";
		};
		65FDF64C2BEDEEE600877180 /* LaunchScreen.storyboard */ = {
			isa = PBXVariantGroup;
			children = (
				65FDF64D2BEDEEE600877180 /* Base */,
			);
			name = LaunchScreen.storyboard;
			sourceTree = "<group>";
		};
/* End PBXVariantGroup section */

/* Begin XCBuildConfiguration section */
		65FDF6662BEDEEE600877180 /* Debug */ = {
			isa = XCBuildConfiguration;
			buildSettings = {
				ALWAYS_SEARCH_USER_PATHS = NO;
				ASSETCATALOG_COMPILER_GENERATE_SWIFT_ASSET_SYMBOL_EXTENSIONS = YES;
				CLANG_ANALYZER_NONNULL = YES;
				CLANG_ANALYZER_NUMBER_OBJECT_CONVERSION = YES_AGGRESSIVE;
				CLANG_CXX_LANGUAGE_STANDARD = "gnu++20";
				CLANG_ENABLE_MODULES = YES;
				CLANG_ENABLE_OBJC_ARC = YES;
				CLANG_ENABLE_OBJC_WEAK = YES;
				CLANG_WARN_BLOCK_CAPTURE_AUTORELEASING = YES;
				CLANG_WARN_BOOL_CONVERSION = YES;
				CLANG_WARN_COMMA = YES;
				CLANG_WARN_CONSTANT_CONVERSION = YES;
				CLANG_WARN_DEPRECATED_OBJC_IMPLEMENTATIONS = YES;
				CLANG_WARN_DIRECT_OBJC_ISA_USAGE = YES_ERROR;
				CLANG_WARN_DOCUMENTATION_COMMENTS = YES;
				CLANG_WARN_EMPTY_BODY = YES;
				CLANG_WARN_ENUM_CONVERSION = YES;
				CLANG_WARN_INFINITE_RECURSION = YES;
				CLANG_WARN_INT_CONVERSION = YES;
				CLANG_WARN_NON_LITERAL_NULL_CONVERSION = YES;
				CLANG_WARN_OBJC_IMPLICIT_RETAIN_SELF = YES;
				CLANG_WARN_OBJC_LITERAL_CONVERSION = YES;
				CLANG_WARN_OBJC_ROOT_CLASS = YES_ERROR;
				CLANG_WARN_QUOTED_INCLUDE_IN_FRAMEWORK_HEADER = YES;
				CLANG_WARN_RANGE_LOOP_ANALYSIS = YES;
				CLANG_WARN_STRICT_PROTOTYPES = YES;
				CLANG_WARN_SUSPICIOUS_MOVE = YES;
				CLANG_WARN_UNGUARDED_AVAILABILITY = YES_AGGRESSIVE;
				CLANG_WARN_UNREACHABLE_CODE = YES;
				CLANG_WARN__DUPLICATE_METHOD_MATCH = YES;
				COPY_PHASE_STRIP = NO;
				DEBUG_INFORMATION_FORMAT = dwarf;
				ENABLE_STRICT_OBJC_MSGSEND = YES;
				ENABLE_TESTABILITY = YES;
				ENABLE_USER_SCRIPT_SANDBOXING = NO;
				GCC_C_LANGUAGE_STANDARD = gnu17;
				GCC_DYNAMIC_NO_PIC = NO;
				GCC_NO_COMMON_BLOCKS = YES;
				GCC_OPTIMIZATION_LEVEL = 0;
				GCC_PREPROCESSOR_DEFINITIONS = (
					"DEBUG=1",
					"$(inherited)",
				);
				GCC_WARN_64_TO_32_BIT_CONVERSION = YES;
				GCC_WARN_ABOUT_RETURN_TYPE = YES_ERROR;
				GCC_WARN_UNDECLARED_SELECTOR = YES;
				GCC_WARN_UNINITIALIZED_AUTOS = YES_AGGRESSIVE;
				GCC_WARN_UNUSED_FUNCTION = YES;
				GCC_WARN_UNUSED_VARIABLE = YES;
				IPHONEOS_DEPLOYMENT_TARGET = 15.0;
				LOCALIZATION_PREFERS_STRING_CATALOGS = YES;
				MTL_ENABLE_DEBUG_INFO = INCLUDE_SOURCE;
				MTL_FAST_MATH = YES;
				ONLY_ACTIVE_ARCH = YES;
				SDKROOT = iphoneos;
				SWIFT_ACTIVE_COMPILATION_CONDITIONS = "DEBUG $(inherited)";
				SWIFT_OPTIMIZATION_LEVEL = "-Onone";
			};
			name = Debug;
		};
		65FDF6672BEDEEE600877180 /* Release */ = {
			isa = XCBuildConfiguration;
			buildSettings = {
				ALWAYS_SEARCH_USER_PATHS = NO;
				ASSETCATALOG_COMPILER_GENERATE_SWIFT_ASSET_SYMBOL_EXTENSIONS = YES;
				CLANG_ANALYZER_NONNULL = YES;
				CLANG_ANALYZER_NUMBER_OBJECT_CONVERSION = YES_AGGRESSIVE;
				CLANG_CXX_LANGUAGE_STANDARD = "gnu++20";
				CLANG_ENABLE_MODULES = YES;
				CLANG_ENABLE_OBJC_ARC = YES;
				CLANG_ENABLE_OBJC_WEAK = YES;
				CLANG_WARN_BLOCK_CAPTURE_AUTORELEASING = YES;
				CLANG_WARN_BOOL_CONVERSION = YES;
				CLANG_WARN_COMMA = YES;
				CLANG_WARN_CONSTANT_CONVERSION = YES;
				CLANG_WARN_DEPRECATED_OBJC_IMPLEMENTATIONS = YES;
				CLANG_WARN_DIRECT_OBJC_ISA_USAGE = YES_ERROR;
				CLANG_WARN_DOCUMENTATION_COMMENTS = YES;
				CLANG_WARN_EMPTY_BODY = YES;
				CLANG_WARN_ENUM_CONVERSION = YES;
				CLANG_WARN_INFINITE_RECURSION = YES;
				CLANG_WARN_INT_CONVERSION = YES;
				CLANG_WARN_NON_LITERAL_NULL_CONVERSION = YES;
				CLANG_WARN_OBJC_IMPLICIT_RETAIN_SELF = YES;
				CLANG_WARN_OBJC_LITERAL_CONVERSION = YES;
				CLANG_WARN_OBJC_ROOT_CLASS = YES_ERROR;
				CLANG_WARN_QUOTED_INCLUDE_IN_FRAMEWORK_HEADER = YES;
				CLANG_WARN_RANGE_LOOP_ANALYSIS = YES;
				CLANG_WARN_STRICT_PROTOTYPES = YES;
				CLANG_WARN_SUSPICIOUS_MOVE = YES;
				CLANG_WARN_UNGUARDED_AVAILABILITY = YES_AGGRESSIVE;
				CLANG_WARN_UNREACHABLE_CODE = YES;
				CLANG_WARN__DUPLICATE_METHOD_MATCH = YES;
				COPY_PHASE_STRIP = NO;
				DEBUG_INFORMATION_FORMAT = "dwarf-with-dsym";
				ENABLE_NS_ASSERTIONS = NO;
				ENABLE_STRICT_OBJC_MSGSEND = YES;
				ENABLE_USER_SCRIPT_SANDBOXING = NO;
				GCC_C_LANGUAGE_STANDARD = gnu17;
				GCC_NO_COMMON_BLOCKS = YES;
				GCC_WARN_64_TO_32_BIT_CONVERSION = YES;
				GCC_WARN_ABOUT_RETURN_TYPE = YES_ERROR;
				GCC_WARN_UNDECLARED_SELECTOR = YES;
				GCC_WARN_UNINITIALIZED_AUTOS = YES_AGGRESSIVE;
				GCC_WARN_UNUSED_FUNCTION = YES;
				GCC_WARN_UNUSED_VARIABLE = YES;
				IPHONEOS_DEPLOYMENT_TARGET = 15.0;
				LOCALIZATION_PREFERS_STRING_CATALOGS = YES;
				MTL_ENABLE_DEBUG_INFO = NO;
				MTL_FAST_MATH = YES;
				SDKROOT = iphoneos;
				SWIFT_COMPILATION_MODE = wholemodule;
				VALIDATE_PRODUCT = YES;
			};
			name = Release;
		};
		65FDF6692BEDEEE600877180 /* Debug */ = {
			isa = XCBuildConfiguration;
			baseConfigurationReference = 1D5E37A06DF206B4FB5B8F0B /* Pods-NimbleSurvey.debug.xcconfig */;
			buildSettings = {
				ASSETCATALOG_COMPILER_APPICON_NAME = AppIcon;
				ASSETCATALOG_COMPILER_GLOBAL_ACCENT_COLOR_NAME = AccentColor;
				CODE_SIGN_STYLE = Automatic;
				CURRENT_PROJECT_VERSION = 1;
				DEVELOPMENT_TEAM = Y34Q9T3ZAB;
				ENABLE_USER_SCRIPT_SANDBOXING = NO;
				"EXCLUDED_ARCHS[sdk=iphonesimulator*]" = arm64;
				GENERATE_INFOPLIST_FILE = YES;
				INFOPLIST_FILE = NimbleSurvey/Info.plist;
				INFOPLIST_KEY_UIApplicationSupportsIndirectInputEvents = YES;
				INFOPLIST_KEY_UILaunchStoryboardName = LaunchScreen;
				INFOPLIST_KEY_UIMainStoryboardFile = Main;
				INFOPLIST_KEY_UISupportedInterfaceOrientations_iPad = "UIInterfaceOrientationPortrait UIInterfaceOrientationPortraitUpsideDown UIInterfaceOrientationLandscapeLeft UIInterfaceOrientationLandscapeRight";
				INFOPLIST_KEY_UISupportedInterfaceOrientations_iPhone = "UIInterfaceOrientationPortrait UIInterfaceOrientationLandscapeLeft UIInterfaceOrientationLandscapeRight";
				LD_RUNPATH_SEARCH_PATHS = (
					"$(inherited)",
					"@executable_path/Frameworks",
				);
				MARKETING_VERSION = 1.0;
				PRODUCT_BUNDLE_IDENTIFIER = vanalite.NimbleSurvey;
				PRODUCT_NAME = "$(TARGET_NAME)";
				SWIFT_EMIT_LOC_STRINGS = YES;
				SWIFT_VERSION = 5.0;
				TARGETED_DEVICE_FAMILY = "1,2";
			};
			name = Debug;
		};
		65FDF66A2BEDEEE600877180 /* Release */ = {
			isa = XCBuildConfiguration;
			baseConfigurationReference = 4C9A9E2940B806E28EF9A225 /* Pods-NimbleSurvey.release.xcconfig */;
			buildSettings = {
				ASSETCATALOG_COMPILER_APPICON_NAME = AppIcon;
				ASSETCATALOG_COMPILER_GLOBAL_ACCENT_COLOR_NAME = AccentColor;
				CODE_SIGN_STYLE = Automatic;
				CURRENT_PROJECT_VERSION = 1;
				DEVELOPMENT_TEAM = Y34Q9T3ZAB;
				ENABLE_USER_SCRIPT_SANDBOXING = NO;
				GENERATE_INFOPLIST_FILE = YES;
				INFOPLIST_FILE = NimbleSurvey/Info.plist;
				INFOPLIST_KEY_UIApplicationSupportsIndirectInputEvents = YES;
				INFOPLIST_KEY_UILaunchStoryboardName = LaunchScreen;
				INFOPLIST_KEY_UIMainStoryboardFile = Main;
				INFOPLIST_KEY_UISupportedInterfaceOrientations_iPad = "UIInterfaceOrientationPortrait UIInterfaceOrientationPortraitUpsideDown UIInterfaceOrientationLandscapeLeft UIInterfaceOrientationLandscapeRight";
				INFOPLIST_KEY_UISupportedInterfaceOrientations_iPhone = "UIInterfaceOrientationPortrait UIInterfaceOrientationLandscapeLeft UIInterfaceOrientationLandscapeRight";
				LD_RUNPATH_SEARCH_PATHS = (
					"$(inherited)",
					"@executable_path/Frameworks",
				);
				MARKETING_VERSION = 1.0;
				PRODUCT_BUNDLE_IDENTIFIER = vanalite.NimbleSurvey;
				PRODUCT_NAME = "$(TARGET_NAME)";
				SWIFT_EMIT_LOC_STRINGS = YES;
				SWIFT_VERSION = 5.0;
				TARGETED_DEVICE_FAMILY = "1,2";
			};
			name = Release;
		};
		65FDF66C2BEDEEE600877180 /* Debug */ = {
			isa = XCBuildConfiguration;
			baseConfigurationReference = 8BC95633786B08E08B6A8CDD /* Pods-NimbleSurveyTests.debug.xcconfig */;
			buildSettings = {
				ALWAYS_EMBED_SWIFT_STANDARD_LIBRARIES = YES;
				BUNDLE_LOADER = "$(TEST_HOST)";
				CODE_SIGN_STYLE = Automatic;
				CURRENT_PROJECT_VERSION = 1;
				DEVELOPMENT_TEAM = Y34Q9T3ZAB;
				GENERATE_INFOPLIST_FILE = YES;
				IPHONEOS_DEPLOYMENT_TARGET = 17.2;
				MARKETING_VERSION = 1.0;
				PRODUCT_BUNDLE_IDENTIFIER = vanalite.NimbleSurveyTests;
				PRODUCT_NAME = "$(TARGET_NAME)";
				SWIFT_EMIT_LOC_STRINGS = NO;
				SWIFT_VERSION = 5.0;
				TARGETED_DEVICE_FAMILY = "1,2";
				TEST_HOST = "$(BUILT_PRODUCTS_DIR)/NimbleSurvey.app/$(BUNDLE_EXECUTABLE_FOLDER_PATH)/NimbleSurvey";
			};
			name = Debug;
		};
		65FDF66D2BEDEEE600877180 /* Release */ = {
			isa = XCBuildConfiguration;
			baseConfigurationReference = D182C049C4C7C1446DB9967E /* Pods-NimbleSurveyTests.release.xcconfig */;
			buildSettings = {
				ALWAYS_EMBED_SWIFT_STANDARD_LIBRARIES = YES;
				BUNDLE_LOADER = "$(TEST_HOST)";
				CODE_SIGN_STYLE = Automatic;
				CURRENT_PROJECT_VERSION = 1;
				DEVELOPMENT_TEAM = Y34Q9T3ZAB;
				GENERATE_INFOPLIST_FILE = YES;
				IPHONEOS_DEPLOYMENT_TARGET = 17.2;
				MARKETING_VERSION = 1.0;
				PRODUCT_BUNDLE_IDENTIFIER = vanalite.NimbleSurveyTests;
				PRODUCT_NAME = "$(TARGET_NAME)";
				SWIFT_EMIT_LOC_STRINGS = NO;
				SWIFT_VERSION = 5.0;
				TARGETED_DEVICE_FAMILY = "1,2";
				TEST_HOST = "$(BUILT_PRODUCTS_DIR)/NimbleSurvey.app/$(BUNDLE_EXECUTABLE_FOLDER_PATH)/NimbleSurvey";
			};
			name = Release;
		};
		65FDF66F2BEDEEE600877180 /* Debug */ = {
			isa = XCBuildConfiguration;
			buildSettings = {
				ALWAYS_EMBED_SWIFT_STANDARD_LIBRARIES = YES;
				CODE_SIGN_STYLE = Automatic;
				CURRENT_PROJECT_VERSION = 1;
				DEVELOPMENT_TEAM = Y34Q9T3ZAB;
				GENERATE_INFOPLIST_FILE = YES;
				MARKETING_VERSION = 1.0;
				PRODUCT_BUNDLE_IDENTIFIER = vanalite.NimbleSurveyUITests;
				PRODUCT_NAME = "$(TARGET_NAME)";
				SWIFT_EMIT_LOC_STRINGS = NO;
				SWIFT_VERSION = 5.0;
				TARGETED_DEVICE_FAMILY = "1,2";
				TEST_TARGET_NAME = NimbleSurvey;
			};
			name = Debug;
		};
		65FDF6702BEDEEE600877180 /* Release */ = {
			isa = XCBuildConfiguration;
			buildSettings = {
				ALWAYS_EMBED_SWIFT_STANDARD_LIBRARIES = YES;
				CODE_SIGN_STYLE = Automatic;
				CURRENT_PROJECT_VERSION = 1;
				DEVELOPMENT_TEAM = Y34Q9T3ZAB;
				GENERATE_INFOPLIST_FILE = YES;
				MARKETING_VERSION = 1.0;
				PRODUCT_BUNDLE_IDENTIFIER = vanalite.NimbleSurveyUITests;
				PRODUCT_NAME = "$(TARGET_NAME)";
				SWIFT_EMIT_LOC_STRINGS = NO;
				SWIFT_VERSION = 5.0;
				TARGETED_DEVICE_FAMILY = "1,2";
				TEST_TARGET_NAME = NimbleSurvey;
			};
			name = Release;
		};
/* End XCBuildConfiguration section */

/* Begin XCConfigurationList section */
		65FDF6392BEDEEE400877180 /* Build configuration list for PBXProject "NimbleSurvey" */ = {
			isa = XCConfigurationList;
			buildConfigurations = (
				65FDF6662BEDEEE600877180 /* Debug */,
				65FDF6672BEDEEE600877180 /* Release */,
			);
			defaultConfigurationIsVisible = 0;
			defaultConfigurationName = Release;
		};
		65FDF6682BEDEEE600877180 /* Build configuration list for PBXNativeTarget "NimbleSurvey" */ = {
			isa = XCConfigurationList;
			buildConfigurations = (
				65FDF6692BEDEEE600877180 /* Debug */,
				65FDF66A2BEDEEE600877180 /* Release */,
			);
			defaultConfigurationIsVisible = 0;
			defaultConfigurationName = Release;
		};
		65FDF66B2BEDEEE600877180 /* Build configuration list for PBXNativeTarget "NimbleSurveyTests" */ = {
			isa = XCConfigurationList;
			buildConfigurations = (
				65FDF66C2BEDEEE600877180 /* Debug */,
				65FDF66D2BEDEEE600877180 /* Release */,
			);
			defaultConfigurationIsVisible = 0;
			defaultConfigurationName = Release;
		};
		65FDF66E2BEDEEE600877180 /* Build configuration list for PBXNativeTarget "NimbleSurveyUITests" */ = {
			isa = XCConfigurationList;
			buildConfigurations = (
				65FDF66F2BEDEEE600877180 /* Debug */,
				65FDF6702BEDEEE600877180 /* Release */,
			);
			defaultConfigurationIsVisible = 0;
			defaultConfigurationName = Release;
		};
/* End XCConfigurationList section */
	};
	rootObject = 65FDF6362BEDEEE400877180 /* Project object */;
}
